// !$*UTF8*$!
{
	archiveVersion = 1;
	classes = {
	};
	objectVersion = 54;
	objects = {

/* Begin PBXBuildFile section */
		00E356F31AD99517003FC87E /* FoodHubTests.m in Sources */ = {isa = PBXBuildFile; fileRef = 00E356F21AD99517003FC87E /* FoodHubTests.m */; };
		13B07FBC1A68108700A75B9A /* AppDelegate.m in Sources */ = {isa = PBXBuildFile; fileRef = 13B07FB01A68108700A75B9A /* AppDelegate.m */; };
		13B07FBF1A68108700A75B9A /* Images.xcassets in Resources */ = {isa = PBXBuildFile; fileRef = 13B07FB51A68108700A75B9A /* Images.xcassets */; };
		13B07FC11A68108700A75B9A /* main.m in Sources */ = {isa = PBXBuildFile; fileRef = 13B07FB71A68108700A75B9A /* main.m */; };
		3D34159DE0AF328EF359CAFE /* libPods-FoodHub-FoodHubTests.a in Frameworks */ = {isa = PBXBuildFile; fileRef = E40566F9E0B3965470B1872D /* libPods-FoodHub-FoodHubTests.a */; };
		62A4A139F36533B03052208A /* libPods-FoodHub.a in Frameworks */ = {isa = PBXBuildFile; fileRef = 097A81C036BA69C7F88FEC9F /* libPods-FoodHub.a */; };
		81AB9BB82411601600AC10FF /* LaunchScreen.storyboard in Resources */ = {isa = PBXBuildFile; fileRef = 81AB9BB72411601600AC10FF /* LaunchScreen.storyboard */; };
		4148805C118D470696885D42 /* SofiaPro-Black.otf in Resources */ = {isa = PBXBuildFile; fileRef = F2FE5C7BB32642E584EBE1DF /* SofiaPro-Black.otf */; };
		FBA50C83006C40FCBDC3ED06 /* SofiaPro-BlackItalic.otf in Resources */ = {isa = PBXBuildFile; fileRef = BCD792624CED400990040B66 /* SofiaPro-BlackItalic.otf */; };
		CF3925F543A54FC19CB26256 /* SofiaPro-Bold.otf in Resources */ = {isa = PBXBuildFile; fileRef = B4AA67081DFF4E118AC063B4 /* SofiaPro-Bold.otf */; };
		8EA8C504E88B4A678142B3B1 /* SofiaPro-BoldItalic.otf in Resources */ = {isa = PBXBuildFile; fileRef = 693A41E8D85E47B88C8F5360 /* SofiaPro-BoldItalic.otf */; };
		6BE22EE8F68D48CB9E027E06 /* SofiaPro-ExtraLight.otf in Resources */ = {isa = PBXBuildFile; fileRef = A4411CFAC1E34B5683F806A6 /* SofiaPro-ExtraLight.otf */; };
		40AAF097395E4DAEBBD580B8 /* SofiaPro-ExtraLightItalic.otf in Resources */ = {isa = PBXBuildFile; fileRef = 05CA0FCBBA2940FAB959E333 /* SofiaPro-ExtraLightItalic.otf */; };
		F7379D970C194BD7AD463E5D /* SofiaPro-Light.otf in Resources */ = {isa = PBXBuildFile; fileRef = 10AC9A9244AA4873B8648582 /* SofiaPro-Light.otf */; };
		6EF39D831C3449E492ECCE06 /* SofiaPro-LightItalic.otf in Resources */ = {isa = PBXBuildFile; fileRef = 302AADAA87C24EE2ABE9B77F /* SofiaPro-LightItalic.otf */; };
		32C9CFCBF88044D5A9111E03 /* SofiaPro-Medium.otf in Resources */ = {isa = PBXBuildFile; fileRef = B820C27281874A7DA01E3898 /* SofiaPro-Medium.otf */; };
		60B5A46ED29E4BA389ABF288 /* SofiaPro-MediumItalic.otf in Resources */ = {isa = PBXBuildFile; fileRef = C442BB4040F64572A20F0DAB /* SofiaPro-MediumItalic.otf */; };
		3E2CD7CC938544F19DB848DE /* SofiaPro-Regular.otf in Resources */ = {isa = PBXBuildFile; fileRef = 95D53DA59C194128A18AB78C /* SofiaPro-Regular.otf */; };
		9030E5E995FA4EBB9CA2A782 /* SofiaPro-RegularItalic.otf in Resources */ = {isa = PBXBuildFile; fileRef = 1602A23874874823B7DF1908 /* SofiaPro-RegularItalic.otf */; };
		174AADAED877484CB48D7E85 /* SofiaPro-SemiBold.otf in Resources */ = {isa = PBXBuildFile; fileRef = 4E3E66D5844648BC9191CAA2 /* SofiaPro-SemiBold.otf */; };
		6D0BE484E24B4B86BFA3AC3F /* SofiaPro-SemiBoldItalic.otf in Resources */ = {isa = PBXBuildFile; fileRef = AC48B5D9E57E4399B3E44173 /* SofiaPro-SemiBoldItalic.otf */; };
		C8430952673D4AF98CBD00E5 /* SofiaPro-UltraLight.otf in Resources */ = {isa = PBXBuildFile; fileRef = 7C4FD90DC85349269FB2170F /* SofiaPro-UltraLight.otf */; };
		18EA0F8CA26545FAA507027E /* SofiaPro-UltraLightItalic.otf in Resources */ = {isa = PBXBuildFile; fileRef = CB854D2C718944A99B5F3D47 /* SofiaPro-UltraLightItalic.otf */; };
/* End PBXBuildFile section */

/* Begin PBXContainerItemProxy section */
		00E356F41AD99517003FC87E /* PBXContainerItemProxy */ = {
			isa = PBXContainerItemProxy;
			containerPortal = 83CBB9F71A601CBA00E9B192 /* Project object */;
			proxyType = 1;
			remoteGlobalIDString = 13B07F861A680F5B00A75B9A;
			remoteInfo = FoodHub;
		};
/* End PBXContainerItemProxy section */

/* Begin PBXFileReference section */
		00E356EE1AD99517003FC87E /* FoodHubTests.xctest */ = {isa = PBXFileReference; explicitFileType = wrapper.cfbundle; includeInIndex = 0; path = FoodHubTests.xctest; sourceTree = BUILT_PRODUCTS_DIR; };
		00E356F11AD99517003FC87E /* Info.plist */ = {isa = PBXFileReference; lastKnownFileType = text.plist.xml; path = Info.plist; sourceTree = "<group>"; };
		00E356F21AD99517003FC87E /* FoodHubTests.m */ = {isa = PBXFileReference; lastKnownFileType = sourcecode.c.objc; path = FoodHubTests.m; sourceTree = "<group>"; };
		097A81C036BA69C7F88FEC9F /* libPods-FoodHub.a */ = {isa = PBXFileReference; explicitFileType = archive.ar; includeInIndex = 0; path = "libPods-FoodHub.a"; sourceTree = BUILT_PRODUCTS_DIR; };
		13B07F961A680F5B00A75B9A /* FoodHub.app */ = {isa = PBXFileReference; explicitFileType = wrapper.application; includeInIndex = 0; path = FoodHub.app; sourceTree = BUILT_PRODUCTS_DIR; };
		13B07FAF1A68108700A75B9A /* AppDelegate.h */ = {isa = PBXFileReference; fileEncoding = 4; lastKnownFileType = sourcecode.c.h; name = AppDelegate.h; path = FoodHub/AppDelegate.h; sourceTree = "<group>"; };
		13B07FB01A68108700A75B9A /* AppDelegate.m */ = {isa = PBXFileReference; fileEncoding = 4; lastKnownFileType = sourcecode.c.objc; name = AppDelegate.m; path = FoodHub/AppDelegate.m; sourceTree = "<group>"; };
		13B07FB51A68108700A75B9A /* Images.xcassets */ = {isa = PBXFileReference; lastKnownFileType = folder.assetcatalog; name = Images.xcassets; path = FoodHub/Images.xcassets; sourceTree = "<group>"; };
		13B07FB61A68108700A75B9A /* Info.plist */ = {isa = PBXFileReference; fileEncoding = 4; lastKnownFileType = text.plist.xml; name = Info.plist; path = FoodHub/Info.plist; sourceTree = "<group>"; };
		13B07FB71A68108700A75B9A /* main.m */ = {isa = PBXFileReference; fileEncoding = 4; lastKnownFileType = sourcecode.c.objc; name = main.m; path = FoodHub/main.m; sourceTree = "<group>"; };
		60C261B0693F0A8F93D33369 /* Pods-FoodHub.release.xcconfig */ = {isa = PBXFileReference; includeInIndex = 1; lastKnownFileType = text.xcconfig; name = "Pods-FoodHub.release.xcconfig"; path = "Target Support Files/Pods-FoodHub/Pods-FoodHub.release.xcconfig"; sourceTree = "<group>"; };
		6B584D57F2C5634B69D73064 /* Pods-FoodHub.debug.xcconfig */ = {isa = PBXFileReference; includeInIndex = 1; lastKnownFileType = text.xcconfig; name = "Pods-FoodHub.debug.xcconfig"; path = "Target Support Files/Pods-FoodHub/Pods-FoodHub.debug.xcconfig"; sourceTree = "<group>"; };
		81AB9BB72411601600AC10FF /* LaunchScreen.storyboard */ = {isa = PBXFileReference; fileEncoding = 4; lastKnownFileType = file.storyboard; name = LaunchScreen.storyboard; path = FoodHub/LaunchScreen.storyboard; sourceTree = "<group>"; };
		C60EA8CC01396874266AE5ED /* Pods-FoodHub-FoodHubTests.release.xcconfig */ = {isa = PBXFileReference; includeInIndex = 1; lastKnownFileType = text.xcconfig; name = "Pods-FoodHub-FoodHubTests.release.xcconfig"; path = "Target Support Files/Pods-FoodHub-FoodHubTests/Pods-FoodHub-FoodHubTests.release.xcconfig"; sourceTree = "<group>"; };
		D1DF3908F4F58E9A759AE57C /* Pods-FoodHub-FoodHubTests.debug.xcconfig */ = {isa = PBXFileReference; includeInIndex = 1; lastKnownFileType = text.xcconfig; name = "Pods-FoodHub-FoodHubTests.debug.xcconfig"; path = "Target Support Files/Pods-FoodHub-FoodHubTests/Pods-FoodHub-FoodHubTests.debug.xcconfig"; sourceTree = "<group>"; };
		E40566F9E0B3965470B1872D /* libPods-FoodHub-FoodHubTests.a */ = {isa = PBXFileReference; explicitFileType = archive.ar; includeInIndex = 0; path = "libPods-FoodHub-FoodHubTests.a"; sourceTree = BUILT_PRODUCTS_DIR; };
		ED297162215061F000B7C4FE /* JavaScriptCore.framework */ = {isa = PBXFileReference; lastKnownFileType = wrapper.framework; name = JavaScriptCore.framework; path = System/Library/Frameworks/JavaScriptCore.framework; sourceTree = SDKROOT; };
		F2FE5C7BB32642E584EBE1DF /* SofiaPro-Black.otf */ = {isa = PBXFileReference; name = "SofiaPro-Black.otf"; path = "../src/assets/fonts/SofiaPro-Black.otf"; sourceTree = "<group>"; fileEncoding = undefined; lastKnownFileType = unknown; explicitFileType = undefined; includeInIndex = 0; };
		BCD792624CED400990040B66 /* SofiaPro-BlackItalic.otf */ = {isa = PBXFileReference; name = "SofiaPro-BlackItalic.otf"; path = "../src/assets/fonts/SofiaPro-BlackItalic.otf"; sourceTree = "<group>"; fileEncoding = undefined; lastKnownFileType = unknown; explicitFileType = undefined; includeInIndex = 0; };
		B4AA67081DFF4E118AC063B4 /* SofiaPro-Bold.otf */ = {isa = PBXFileReference; name = "SofiaPro-Bold.otf"; path = "../src/assets/fonts/SofiaPro-Bold.otf"; sourceTree = "<group>"; fileEncoding = undefined; lastKnownFileType = unknown; explicitFileType = undefined; includeInIndex = 0; };
		693A41E8D85E47B88C8F5360 /* SofiaPro-BoldItalic.otf */ = {isa = PBXFileReference; name = "SofiaPro-BoldItalic.otf"; path = "../src/assets/fonts/SofiaPro-BoldItalic.otf"; sourceTree = "<group>"; fileEncoding = undefined; lastKnownFileType = unknown; explicitFileType = undefined; includeInIndex = 0; };
		A4411CFAC1E34B5683F806A6 /* SofiaPro-ExtraLight.otf */ = {isa = PBXFileReference; name = "SofiaPro-ExtraLight.otf"; path = "../src/assets/fonts/SofiaPro-ExtraLight.otf"; sourceTree = "<group>"; fileEncoding = undefined; lastKnownFileType = unknown; explicitFileType = undefined; includeInIndex = 0; };
		05CA0FCBBA2940FAB959E333 /* SofiaPro-ExtraLightItalic.otf */ = {isa = PBXFileReference; name = "SofiaPro-ExtraLightItalic.otf"; path = "../src/assets/fonts/SofiaPro-ExtraLightItalic.otf"; sourceTree = "<group>"; fileEncoding = undefined; lastKnownFileType = unknown; explicitFileType = undefined; includeInIndex = 0; };
		10AC9A9244AA4873B8648582 /* SofiaPro-Light.otf */ = {isa = PBXFileReference; name = "SofiaPro-Light.otf"; path = "../src/assets/fonts/SofiaPro-Light.otf"; sourceTree = "<group>"; fileEncoding = undefined; lastKnownFileType = unknown; explicitFileType = undefined; includeInIndex = 0; };
		302AADAA87C24EE2ABE9B77F /* SofiaPro-LightItalic.otf */ = {isa = PBXFileReference; name = "SofiaPro-LightItalic.otf"; path = "../src/assets/fonts/SofiaPro-LightItalic.otf"; sourceTree = "<group>"; fileEncoding = undefined; lastKnownFileType = unknown; explicitFileType = undefined; includeInIndex = 0; };
		B820C27281874A7DA01E3898 /* SofiaPro-Medium.otf */ = {isa = PBXFileReference; name = "SofiaPro-Medium.otf"; path = "../src/assets/fonts/SofiaPro-Medium.otf"; sourceTree = "<group>"; fileEncoding = undefined; lastKnownFileType = unknown; explicitFileType = undefined; includeInIndex = 0; };
		C442BB4040F64572A20F0DAB /* SofiaPro-MediumItalic.otf */ = {isa = PBXFileReference; name = "SofiaPro-MediumItalic.otf"; path = "../src/assets/fonts/SofiaPro-MediumItalic.otf"; sourceTree = "<group>"; fileEncoding = undefined; lastKnownFileType = unknown; explicitFileType = undefined; includeInIndex = 0; };
		95D53DA59C194128A18AB78C /* SofiaPro-Regular.otf */ = {isa = PBXFileReference; name = "SofiaPro-Regular.otf"; path = "../src/assets/fonts/SofiaPro-Regular.otf"; sourceTree = "<group>"; fileEncoding = undefined; lastKnownFileType = unknown; explicitFileType = undefined; includeInIndex = 0; };
		1602A23874874823B7DF1908 /* SofiaPro-RegularItalic.otf */ = {isa = PBXFileReference; name = "SofiaPro-RegularItalic.otf"; path = "../src/assets/fonts/SofiaPro-RegularItalic.otf"; sourceTree = "<group>"; fileEncoding = undefined; lastKnownFileType = unknown; explicitFileType = undefined; includeInIndex = 0; };
		4E3E66D5844648BC9191CAA2 /* SofiaPro-SemiBold.otf */ = {isa = PBXFileReference; name = "SofiaPro-SemiBold.otf"; path = "../src/assets/fonts/SofiaPro-SemiBold.otf"; sourceTree = "<group>"; fileEncoding = undefined; lastKnownFileType = unknown; explicitFileType = undefined; includeInIndex = 0; };
		AC48B5D9E57E4399B3E44173 /* SofiaPro-SemiBoldItalic.otf */ = {isa = PBXFileReference; name = "SofiaPro-SemiBoldItalic.otf"; path = "../src/assets/fonts/SofiaPro-SemiBoldItalic.otf"; sourceTree = "<group>"; fileEncoding = undefined; lastKnownFileType = unknown; explicitFileType = undefined; includeInIndex = 0; };
		7C4FD90DC85349269FB2170F /* SofiaPro-UltraLight.otf */ = {isa = PBXFileReference; name = "SofiaPro-UltraLight.otf"; path = "../src/assets/fonts/SofiaPro-UltraLight.otf"; sourceTree = "<group>"; fileEncoding = undefined; lastKnownFileType = unknown; explicitFileType = undefined; includeInIndex = 0; };
		CB854D2C718944A99B5F3D47 /* SofiaPro-UltraLightItalic.otf */ = {isa = PBXFileReference; name = "SofiaPro-UltraLightItalic.otf"; path = "../src/assets/fonts/SofiaPro-UltraLightItalic.otf"; sourceTree = "<group>"; fileEncoding = undefined; lastKnownFileType = unknown; explicitFileType = undefined; includeInIndex = 0; };
/* End PBXFileReference section */

/* Begin PBXFrameworksBuildPhase section */
		00E356EB1AD99517003FC87E /* Frameworks */ = {
			isa = PBXFrameworksBuildPhase;
			buildActionMask = 2147483647;
			files = (
				3D34159DE0AF328EF359CAFE /* libPods-FoodHub-FoodHubTests.a in Frameworks */,
			);
			runOnlyForDeploymentPostprocessing = 0;
		};
		13B07F8C1A680F5B00A75B9A /* Frameworks */ = {
			isa = PBXFrameworksBuildPhase;
			buildActionMask = 2147483647;
			files = (
				62A4A139F36533B03052208A /* libPods-FoodHub.a in Frameworks */,
			);
			runOnlyForDeploymentPostprocessing = 0;
		};
/* End PBXFrameworksBuildPhase section */

/* Begin PBXGroup section */
		00E356EF1AD99517003FC87E /* FoodHubTests */ = {
			isa = PBXGroup;
			children = (
				00E356F21AD99517003FC87E /* FoodHubTests.m */,
				00E356F01AD99517003FC87E /* Supporting Files */,
			);
			path = FoodHubTests;
			sourceTree = "<group>";
		};
		00E356F01AD99517003FC87E /* Supporting Files */ = {
			isa = PBXGroup;
			children = (
				00E356F11AD99517003FC87E /* Info.plist */,
			);
			name = "Supporting Files";
			sourceTree = "<group>";
		};
		13B07FAE1A68108700A75B9A /* FoodHub */ = {
			isa = PBXGroup;
			children = (
				13B07FAF1A68108700A75B9A /* AppDelegate.h */,
				13B07FB01A68108700A75B9A /* AppDelegate.m */,
				13B07FB51A68108700A75B9A /* Images.xcassets */,
				13B07FB61A68108700A75B9A /* Info.plist */,
				81AB9BB72411601600AC10FF /* LaunchScreen.storyboard */,
				13B07FB71A68108700A75B9A /* main.m */,
			);
			name = FoodHub;
			sourceTree = "<group>";
		};
		2D16E6871FA4F8E400B85C8A /* Frameworks */ = {
			isa = PBXGroup;
			children = (
				ED297162215061F000B7C4FE /* JavaScriptCore.framework */,
				097A81C036BA69C7F88FEC9F /* libPods-FoodHub.a */,
				E40566F9E0B3965470B1872D /* libPods-FoodHub-FoodHubTests.a */,
			);
			name = Frameworks;
			sourceTree = "<group>";
		};
		2DF3FCC36809E6370610D4FE /* Pods */ = {
			isa = PBXGroup;
			children = (
				6B584D57F2C5634B69D73064 /* Pods-FoodHub.debug.xcconfig */,
				60C261B0693F0A8F93D33369 /* Pods-FoodHub.release.xcconfig */,
				D1DF3908F4F58E9A759AE57C /* Pods-FoodHub-FoodHubTests.debug.xcconfig */,
				C60EA8CC01396874266AE5ED /* Pods-FoodHub-FoodHubTests.release.xcconfig */,
			);
			path = Pods;
			sourceTree = "<group>";
		};
		2E6D1141F55B47BBBCD973BC /* Resources */ = {
			isa = PBXGroup;
			children = (
				F2FE5C7BB32642E584EBE1DF /* SofiaPro-Black.otf */,
				BCD792624CED400990040B66 /* SofiaPro-BlackItalic.otf */,
				B4AA67081DFF4E118AC063B4 /* SofiaPro-Bold.otf */,
				693A41E8D85E47B88C8F5360 /* SofiaPro-BoldItalic.otf */,
				A4411CFAC1E34B5683F806A6 /* SofiaPro-ExtraLight.otf */,
				05CA0FCBBA2940FAB959E333 /* SofiaPro-ExtraLightItalic.otf */,
				10AC9A9244AA4873B8648582 /* SofiaPro-Light.otf */,
				302AADAA87C24EE2ABE9B77F /* SofiaPro-LightItalic.otf */,
				B820C27281874A7DA01E3898 /* SofiaPro-Medium.otf */,
				C442BB4040F64572A20F0DAB /* SofiaPro-MediumItalic.otf */,
				95D53DA59C194128A18AB78C /* SofiaPro-Regular.otf */,
				1602A23874874823B7DF1908 /* SofiaPro-RegularItalic.otf */,
				4E3E66D5844648BC9191CAA2 /* SofiaPro-SemiBold.otf */,
				AC48B5D9E57E4399B3E44173 /* SofiaPro-SemiBoldItalic.otf */,
				7C4FD90DC85349269FB2170F /* SofiaPro-UltraLight.otf */,
				CB854D2C718944A99B5F3D47 /* SofiaPro-UltraLightItalic.otf */,
			);
			name = Resources;
			sourceTree = "<group>";
		};
		832341AE1AAA6A7D00B99B32 /* Libraries */ = {
			isa = PBXGroup;
			children = (
			);
			name = Libraries;
			sourceTree = "<group>";
		};
		83CBB9F61A601CBA00E9B192 = {
			isa = PBXGroup;
			children = (
				13B07FAE1A68108700A75B9A /* FoodHub */,
				832341AE1AAA6A7D00B99B32 /* Libraries */,
				00E356EF1AD99517003FC87E /* FoodHubTests */,
				83CBBA001A601CBA00E9B192 /* Products */,
				2D16E6871FA4F8E400B85C8A /* Frameworks */,
				2DF3FCC36809E6370610D4FE /* Pods */,
				2E6D1141F55B47BBBCD973BC /* Resources */,
			);
			indentWidth = 2;
			sourceTree = "<group>";
			tabWidth = 2;
			usesTabs = 0;
		};
		83CBBA001A601CBA00E9B192 /* Products */ = {
			isa = PBXGroup;
			children = (
				13B07F961A680F5B00A75B9A /* FoodHub.app */,
				00E356EE1AD99517003FC87E /* FoodHubTests.xctest */,
			);
			name = Products;
			sourceTree = "<group>";
		};
/* End PBXGroup section */

/* Begin PBXNativeTarget section */
		00E356ED1AD99517003FC87E /* FoodHubTests */ = {
			isa = PBXNativeTarget;
			buildConfigurationList = 00E357021AD99517003FC87E /* Build configuration list for PBXNativeTarget "FoodHubTests" */;
			buildPhases = (
				12914FF89C365BEE858768B2 /* [CP] Check Pods Manifest.lock */,
				00E356EA1AD99517003FC87E /* Sources */,
				00E356EB1AD99517003FC87E /* Frameworks */,
				00E356EC1AD99517003FC87E /* Resources */,
				28AF85A5FEEC6B16ACFB1902 /* [CP] Embed Pods Frameworks */,
				29FC27E77361C53C159C0CE3 /* [CP] Copy Pods Resources */,
			);
			buildRules = (
			);
			dependencies = (
				00E356F51AD99517003FC87E /* PBXTargetDependency */,
			);
			name = FoodHubTests;
			productName = FoodHubTests;
			productReference = 00E356EE1AD99517003FC87E /* FoodHubTests.xctest */;
			productType = "com.apple.product-type.bundle.unit-test";
		};
		13B07F861A680F5B00A75B9A /* FoodHub */ = {
			isa = PBXNativeTarget;
			buildConfigurationList = 13B07F931A680F5B00A75B9A /* Build configuration list for PBXNativeTarget "FoodHub" */;
			buildPhases = (
				4B0522414E89F1489017FAF8 /* [CP] Check Pods Manifest.lock */,
				FD10A7F022414F080027D42C /* Start Packager */,
				13B07F871A680F5B00A75B9A /* Sources */,
				13B07F8C1A680F5B00A75B9A /* Frameworks */,
				13B07F8E1A680F5B00A75B9A /* Resources */,
				00DD1BFF1BD5951E006B06BC /* Bundle React Native code and images */,
				28C2688968D5E39F6425D8D3 /* [CP] Embed Pods Frameworks */,
				7AF1A58B2DC16C40F1F63FC5 /* [CP] Copy Pods Resources */,
			);
			buildRules = (
			);
			dependencies = (
			);
			name = FoodHub;
			productName = FoodHub;
			productReference = 13B07F961A680F5B00A75B9A /* FoodHub.app */;
			productType = "com.apple.product-type.application";
		};
/* End PBXNativeTarget section */

/* Begin PBXProject section */
		83CBB9F71A601CBA00E9B192 /* Project object */ = {
			isa = PBXProject;
			attributes = {
				LastUpgradeCheck = 1210;
				TargetAttributes = {
					00E356ED1AD99517003FC87E = {
						CreatedOnToolsVersion = 6.2;
						TestTargetID = 13B07F861A680F5B00A75B9A;
					};
					13B07F861A680F5B00A75B9A = {
						LastSwiftMigration = 1120;
					};
				};
			};
			buildConfigurationList = 83CBB9FA1A601CBA00E9B192 /* Build configuration list for PBXProject "FoodHub" */;
			compatibilityVersion = "Xcode 12.0";
			developmentRegion = en;
			hasScannedForEncodings = 0;
			knownRegions = (
				en,
				Base,
			);
			mainGroup = 83CBB9F61A601CBA00E9B192;
			productRefGroup = 83CBBA001A601CBA00E9B192 /* Products */;
			projectDirPath = "";
			projectRoot = "";
			targets = (
				13B07F861A680F5B00A75B9A /* FoodHub */,
				00E356ED1AD99517003FC87E /* FoodHubTests */,
			);
		};
/* End PBXProject section */

/* Begin PBXResourcesBuildPhase section */
		00E356EC1AD99517003FC87E /* Resources */ = {
			isa = PBXResourcesBuildPhase;
			buildActionMask = 2147483647;
			files = (
			);
			runOnlyForDeploymentPostprocessing = 0;
		};
		13B07F8E1A680F5B00A75B9A /* Resources */ = {
			isa = PBXResourcesBuildPhase;
			buildActionMask = 2147483647;
			files = (
				81AB9BB82411601600AC10FF /* LaunchScreen.storyboard in Resources */,
				13B07FBF1A68108700A75B9A /* Images.xcassets in Resources */,
				4148805C118D470696885D42 /* SofiaPro-Black.otf in Resources */,
				FBA50C83006C40FCBDC3ED06 /* SofiaPro-BlackItalic.otf in Resources */,
				CF3925F543A54FC19CB26256 /* SofiaPro-Bold.otf in Resources */,
				8EA8C504E88B4A678142B3B1 /* SofiaPro-BoldItalic.otf in Resources */,
				6BE22EE8F68D48CB9E027E06 /* SofiaPro-ExtraLight.otf in Resources */,
				40AAF097395E4DAEBBD580B8 /* SofiaPro-ExtraLightItalic.otf in Resources */,
				F7379D970C194BD7AD463E5D /* SofiaPro-Light.otf in Resources */,
				6EF39D831C3449E492ECCE06 /* SofiaPro-LightItalic.otf in Resources */,
				32C9CFCBF88044D5A9111E03 /* SofiaPro-Medium.otf in Resources */,
				60B5A46ED29E4BA389ABF288 /* SofiaPro-MediumItalic.otf in Resources */,
				3E2CD7CC938544F19DB848DE /* SofiaPro-Regular.otf in Resources */,
				9030E5E995FA4EBB9CA2A782 /* SofiaPro-RegularItalic.otf in Resources */,
				174AADAED877484CB48D7E85 /* SofiaPro-SemiBold.otf in Resources */,
				6D0BE484E24B4B86BFA3AC3F /* SofiaPro-SemiBoldItalic.otf in Resources */,
				C8430952673D4AF98CBD00E5 /* SofiaPro-UltraLight.otf in Resources */,
				18EA0F8CA26545FAA507027E /* SofiaPro-UltraLightItalic.otf in Resources */,
			);
			runOnlyForDeploymentPostprocessing = 0;
		};
/* End PBXResourcesBuildPhase section */

/* Begin PBXShellScriptBuildPhase section */
		00DD1BFF1BD5951E006B06BC /* Bundle React Native code and images */ = {
			isa = PBXShellScriptBuildPhase;
			buildActionMask = 2147483647;
			files = (
			);
			inputPaths = (
			);
			name = "Bundle React Native code and images";
			outputPaths = (
			);
			runOnlyForDeploymentPostprocessing = 0;
			shellPath = /bin/sh;
			shellScript = "set -e\n\nexport NODE_BINARY=node\n../node_modules/react-native/scripts/react-native-xcode.sh\n";
		};
		12914FF89C365BEE858768B2 /* [CP] Check Pods Manifest.lock */ = {
			isa = PBXShellScriptBuildPhase;
			buildActionMask = 2147483647;
			files = (
			);
			inputFileListPaths = (
			);
			inputPaths = (
				"${PODS_PODFILE_DIR_PATH}/Podfile.lock",
				"${PODS_ROOT}/Manifest.lock",
			);
			name = "[CP] Check Pods Manifest.lock";
			outputFileListPaths = (
			);
			outputPaths = (
				"$(DERIVED_FILE_DIR)/Pods-FoodHub-FoodHubTests-checkManifestLockResult.txt",
			);
			runOnlyForDeploymentPostprocessing = 0;
			shellPath = /bin/sh;
			shellScript = "diff \"${PODS_PODFILE_DIR_PATH}/Podfile.lock\" \"${PODS_ROOT}/Manifest.lock\" > /dev/null\nif [ $? != 0 ] ; then\n    # print error to STDERR\n    echo \"error: The sandbox is not in sync with the Podfile.lock. Run 'pod install' or update your CocoaPods installation.\" >&2\n    exit 1\nfi\n# This output is used by Xcode 'outputs' to avoid re-running this script phase.\necho \"SUCCESS\" > \"${SCRIPT_OUTPUT_FILE_0}\"\n";
			showEnvVarsInLog = 0;
		};
		28AF85A5FEEC6B16ACFB1902 /* [CP] Embed Pods Frameworks */ = {
			isa = PBXShellScriptBuildPhase;
			buildActionMask = 2147483647;
			files = (
			);
			inputFileListPaths = (
				"${PODS_ROOT}/Target Support Files/Pods-FoodHub-FoodHubTests/Pods-FoodHub-FoodHubTests-frameworks-${CONFIGURATION}-input-files.xcfilelist",
			);
			name = "[CP] Embed Pods Frameworks";
			outputFileListPaths = (
				"${PODS_ROOT}/Target Support Files/Pods-FoodHub-FoodHubTests/Pods-FoodHub-FoodHubTests-frameworks-${CONFIGURATION}-output-files.xcfilelist",
			);
			runOnlyForDeploymentPostprocessing = 0;
			shellPath = /bin/sh;
			shellScript = "\"${PODS_ROOT}/Target Support Files/Pods-FoodHub-FoodHubTests/Pods-FoodHub-FoodHubTests-frameworks.sh\"\n";
			showEnvVarsInLog = 0;
		};
		28C2688968D5E39F6425D8D3 /* [CP] Embed Pods Frameworks */ = {
			isa = PBXShellScriptBuildPhase;
			buildActionMask = 2147483647;
			files = (
			);
			inputFileListPaths = (
				"${PODS_ROOT}/Target Support Files/Pods-FoodHub/Pods-FoodHub-frameworks-${CONFIGURATION}-input-files.xcfilelist",
			);
			name = "[CP] Embed Pods Frameworks";
			outputFileListPaths = (
				"${PODS_ROOT}/Target Support Files/Pods-FoodHub/Pods-FoodHub-frameworks-${CONFIGURATION}-output-files.xcfilelist",
			);
			runOnlyForDeploymentPostprocessing = 0;
			shellPath = /bin/sh;
			shellScript = "\"${PODS_ROOT}/Target Support Files/Pods-FoodHub/Pods-FoodHub-frameworks.sh\"\n";
			showEnvVarsInLog = 0;
		};
		29FC27E77361C53C159C0CE3 /* [CP] Copy Pods Resources */ = {
			isa = PBXShellScriptBuildPhase;
			buildActionMask = 2147483647;
			files = (
			);
			inputFileListPaths = (
				"${PODS_ROOT}/Target Support Files/Pods-FoodHub-FoodHubTests/Pods-FoodHub-FoodHubTests-resources-${CONFIGURATION}-input-files.xcfilelist",
			);
			name = "[CP] Copy Pods Resources";
			outputFileListPaths = (
				"${PODS_ROOT}/Target Support Files/Pods-FoodHub-FoodHubTests/Pods-FoodHub-FoodHubTests-resources-${CONFIGURATION}-output-files.xcfilelist",
			);
			runOnlyForDeploymentPostprocessing = 0;
			shellPath = /bin/sh;
			shellScript = "\"${PODS_ROOT}/Target Support Files/Pods-FoodHub-FoodHubTests/Pods-FoodHub-FoodHubTests-resources.sh\"\n";
			showEnvVarsInLog = 0;
		};
		4B0522414E89F1489017FAF8 /* [CP] Check Pods Manifest.lock */ = {
			isa = PBXShellScriptBuildPhase;
			buildActionMask = 2147483647;
			files = (
			);
			inputFileListPaths = (
			);
			inputPaths = (
				"${PODS_PODFILE_DIR_PATH}/Podfile.lock",
				"${PODS_ROOT}/Manifest.lock",
			);
			name = "[CP] Check Pods Manifest.lock";
			outputFileListPaths = (
			);
			outputPaths = (
				"$(DERIVED_FILE_DIR)/Pods-FoodHub-checkManifestLockResult.txt",
			);
			runOnlyForDeploymentPostprocessing = 0;
			shellPath = /bin/sh;
			shellScript = "diff \"${PODS_PODFILE_DIR_PATH}/Podfile.lock\" \"${PODS_ROOT}/Manifest.lock\" > /dev/null\nif [ $? != 0 ] ; then\n    # print error to STDERR\n    echo \"error: The sandbox is not in sync with the Podfile.lock. Run 'pod install' or update your CocoaPods installation.\" >&2\n    exit 1\nfi\n# This output is used by Xcode 'outputs' to avoid re-running this script phase.\necho \"SUCCESS\" > \"${SCRIPT_OUTPUT_FILE_0}\"\n";
			showEnvVarsInLog = 0;
		};
		7AF1A58B2DC16C40F1F63FC5 /* [CP] Copy Pods Resources */ = {
			isa = PBXShellScriptBuildPhase;
			buildActionMask = 2147483647;
			files = (
			);
			inputFileListPaths = (
				"${PODS_ROOT}/Target Support Files/Pods-FoodHub/Pods-FoodHub-resources-${CONFIGURATION}-input-files.xcfilelist",
			);
			name = "[CP] Copy Pods Resources";
			outputFileListPaths = (
				"${PODS_ROOT}/Target Support Files/Pods-FoodHub/Pods-FoodHub-resources-${CONFIGURATION}-output-files.xcfilelist",
			);
			runOnlyForDeploymentPostprocessing = 0;
			shellPath = /bin/sh;
			shellScript = "\"${PODS_ROOT}/Target Support Files/Pods-FoodHub/Pods-FoodHub-resources.sh\"\n";
			showEnvVarsInLog = 0;
		};
		FD10A7F022414F080027D42C /* Start Packager */ = {
			isa = PBXShellScriptBuildPhase;
			buildActionMask = 2147483647;
			files = (
			);
			inputFileListPaths = (
			);
			inputPaths = (
			);
			name = "Start Packager";
			outputFileListPaths = (
			);
			outputPaths = (
			);
			runOnlyForDeploymentPostprocessing = 0;
			shellPath = /bin/sh;
			shellScript = "export RCT_METRO_PORT=\"${RCT_METRO_PORT:=8081}\"\necho \"export RCT_METRO_PORT=${RCT_METRO_PORT}\" > \"${SRCROOT}/../node_modules/react-native/scripts/.packager.env\"\nif [ -z \"${RCT_NO_LAUNCH_PACKAGER+xxx}\" ] ; then\n  if nc -w 5 -z localhost ${RCT_METRO_PORT} ; then\n    if ! curl -s \"http://localhost:${RCT_METRO_PORT}/status\" | grep -q \"packager-status:running\" ; then\n      echo \"Port ${RCT_METRO_PORT} already in use, packager is either not running or not running correctly\"\n      exit 2\n    fi\n  else\n    open \"$SRCROOT/../node_modules/react-native/scripts/launchPackager.command\" || echo \"Can't start packager automatically\"\n  fi\nfi\n";
			showEnvVarsInLog = 0;
		};
/* End PBXShellScriptBuildPhase section */

/* Begin PBXSourcesBuildPhase section */
		00E356EA1AD99517003FC87E /* Sources */ = {
			isa = PBXSourcesBuildPhase;
			buildActionMask = 2147483647;
			files = (
				00E356F31AD99517003FC87E /* FoodHubTests.m in Sources */,
			);
			runOnlyForDeploymentPostprocessing = 0;
		};
		13B07F871A680F5B00A75B9A /* Sources */ = {
			isa = PBXSourcesBuildPhase;
			buildActionMask = 2147483647;
			files = (
				13B07FBC1A68108700A75B9A /* AppDelegate.m in Sources */,
				13B07FC11A68108700A75B9A /* main.m in Sources */,
			);
			runOnlyForDeploymentPostprocessing = 0;
		};
/* End PBXSourcesBuildPhase section */

/* Begin PBXTargetDependency section */
		00E356F51AD99517003FC87E /* PBXTargetDependency */ = {
			isa = PBXTargetDependency;
			target = 13B07F861A680F5B00A75B9A /* FoodHub */;
			targetProxy = 00E356F41AD99517003FC87E /* PBXContainerItemProxy */;
		};
/* End PBXTargetDependency section */

/* Begin XCBuildConfiguration section */
		00E356F61AD99517003FC87E /* Debug */ = {
			isa = XCBuildConfiguration;
			baseConfigurationReference = D1DF3908F4F58E9A759AE57C /* Pods-FoodHub-FoodHubTests.debug.xcconfig */;
			buildSettings = {
				BUNDLE_LOADER = "$(TEST_HOST)";
				GCC_PREPROCESSOR_DEFINITIONS = (
					"DEBUG=1",
					"$(inherited)",
				);
				INFOPLIST_FILE = FoodHubTests/Info.plist;
				IPHONEOS_DEPLOYMENT_TARGET = 11.0;
				LD_RUNPATH_SEARCH_PATHS = (
					"$(inherited)",
					"@executable_path/Frameworks",
					"@loader_path/Frameworks",
				);
				OTHER_LDFLAGS = (
					"-ObjC",
					"-lc++",
					"$(inherited)",
				);
				PRODUCT_BUNDLE_IDENTIFIER = "org.reactjs.native.example.$(PRODUCT_NAME:rfc1034identifier)";
				PRODUCT_NAME = "$(TARGET_NAME)";
				TEST_HOST = "$(BUILT_PRODUCTS_DIR)/FoodHub.app/FoodHub";
			};
			name = Debug;
		};
		00E356F71AD99517003FC87E /* Release */ = {
			isa = XCBuildConfiguration;
			baseConfigurationReference = C60EA8CC01396874266AE5ED /* Pods-FoodHub-FoodHubTests.release.xcconfig */;
			buildSettings = {
				BUNDLE_LOADER = "$(TEST_HOST)";
				COPY_PHASE_STRIP = NO;
				INFOPLIST_FILE = FoodHubTests/Info.plist;
				IPHONEOS_DEPLOYMENT_TARGET = 11.0;
				LD_RUNPATH_SEARCH_PATHS = (
					"$(inherited)",
					"@executable_path/Frameworks",
					"@loader_path/Frameworks",
				);
				OTHER_LDFLAGS = (
					"-ObjC",
					"-lc++",
					"$(inherited)",
				);
				PRODUCT_BUNDLE_IDENTIFIER = "org.reactjs.native.example.$(PRODUCT_NAME:rfc1034identifier)";
				PRODUCT_NAME = "$(TARGET_NAME)";
				TEST_HOST = "$(BUILT_PRODUCTS_DIR)/FoodHub.app/FoodHub";
			};
			name = Release;
		};
		13B07F941A680F5B00A75B9A /* Debug */ = {
			isa = XCBuildConfiguration;
			baseConfigurationReference = 6B584D57F2C5634B69D73064 /* Pods-FoodHub.debug.xcconfig */;
			buildSettings = {
				ASSETCATALOG_COMPILER_APPICON_NAME = AppIcon;
				CLANG_ENABLE_MODULES = YES;
				CURRENT_PROJECT_VERSION = 1;
				ENABLE_BITCODE = NO;
				INFOPLIST_FILE = FoodHub/Info.plist;
				LD_RUNPATH_SEARCH_PATHS = (
					"$(inherited)",
					"@executable_path/Frameworks",
				);
				OTHER_LDFLAGS = (
					"$(inherited)",
					"-ObjC",
					"-lc++",
				);
				PRODUCT_BUNDLE_IDENTIFIER = "org.reactjs.native.example.$(PRODUCT_NAME:rfc1034identifier)";
				PRODUCT_NAME = FoodHub;
				SWIFT_OPTIMIZATION_LEVEL = "-Onone";
				SWIFT_VERSION = 5.0;
				VERSIONING_SYSTEM = "apple-generic";
			};
			name = Debug;
		};
		13B07F951A680F5B00A75B9A /* Release */ = {
			isa = XCBuildConfiguration;
			baseConfigurationReference = 60C261B0693F0A8F93D33369 /* Pods-FoodHub.release.xcconfig */;
			buildSettings = {
				ASSETCATALOG_COMPILER_APPICON_NAME = AppIcon;
				CLANG_ENABLE_MODULES = YES;
				CURRENT_PROJECT_VERSION = 1;
				INFOPLIST_FILE = FoodHub/Info.plist;
				LD_RUNPATH_SEARCH_PATHS = (
					"$(inherited)",
					"@executable_path/Frameworks",
				);
				OTHER_LDFLAGS = (
					"$(inherited)",
					"-ObjC",
					"-lc++",
				);
				PRODUCT_BUNDLE_IDENTIFIER = "org.reactjs.native.example.$(PRODUCT_NAME:rfc1034identifier)";
				PRODUCT_NAME = FoodHub;
				SWIFT_VERSION = 5.0;
				VERSIONING_SYSTEM = "apple-generic";
			};
			name = Release;
		};
		83CBBA201A601CBA00E9B192 /* Debug */ = {
			isa = XCBuildConfiguration;
			buildSettings = {
				ALWAYS_SEARCH_USER_PATHS = NO;
				CLANG_ANALYZER_LOCALIZABILITY_NONLOCALIZED = YES;
				CLANG_CXX_LANGUAGE_STANDARD = "gnu++0x";
				CLANG_CXX_LIBRARY = "libc++";
				CLANG_ENABLE_MODULES = YES;
				CLANG_ENABLE_OBJC_ARC = YES;
				CLANG_WARN_BLOCK_CAPTURE_AUTORELEASING = YES;
				CLANG_WARN_BOOL_CONVERSION = YES;
				CLANG_WARN_COMMA = YES;
				CLANG_WARN_CONSTANT_CONVERSION = YES;
				CLANG_WARN_DEPRECATED_OBJC_IMPLEMENTATIONS = YES;
				CLANG_WARN_DIRECT_OBJC_ISA_USAGE = YES_ERROR;
				CLANG_WARN_EMPTY_BODY = YES;
				CLANG_WARN_ENUM_CONVERSION = YES;
				CLANG_WARN_INFINITE_RECURSION = YES;
				CLANG_WARN_INT_CONVERSION = YES;
				CLANG_WARN_NON_LITERAL_NULL_CONVERSION = YES;
				CLANG_WARN_OBJC_IMPLICIT_RETAIN_SELF = YES;
				CLANG_WARN_OBJC_LITERAL_CONVERSION = YES;
				CLANG_WARN_OBJC_ROOT_CLASS = YES_ERROR;
				CLANG_WARN_QUOTED_INCLUDE_IN_FRAMEWORK_HEADER = YES;
				CLANG_WARN_RANGE_LOOP_ANALYSIS = YES;
				CLANG_WARN_STRICT_PROTOTYPES = YES;
				CLANG_WARN_SUSPICIOUS_MOVE = YES;
				CLANG_WARN_UNREACHABLE_CODE = YES;
				CLANG_WARN__DUPLICATE_METHOD_MATCH = YES;
				"CODE_SIGN_IDENTITY[sdk=iphoneos*]" = "iPhone Developer";
				COPY_PHASE_STRIP = NO;
				ENABLE_STRICT_OBJC_MSGSEND = YES;
				ENABLE_TESTABILITY = YES;
				"EXCLUDED_ARCHS[sdk=iphonesimulator*]" = "";
				GCC_C_LANGUAGE_STANDARD = gnu99;
				GCC_DYNAMIC_NO_PIC = NO;
				GCC_NO_COMMON_BLOCKS = YES;
				GCC_OPTIMIZATION_LEVEL = 0;
				GCC_PREPROCESSOR_DEFINITIONS = (
					"DEBUG=1",
					"$(inherited)",
				);
				GCC_SYMBOLS_PRIVATE_EXTERN = NO;
				GCC_WARN_64_TO_32_BIT_CONVERSION = YES;
				GCC_WARN_ABOUT_RETURN_TYPE = YES_ERROR;
				GCC_WARN_UNDECLARED_SELECTOR = YES;
				GCC_WARN_UNINITIALIZED_AUTOS = YES_AGGRESSIVE;
				GCC_WARN_UNUSED_FUNCTION = YES;
				GCC_WARN_UNUSED_VARIABLE = YES;
				IPHONEOS_DEPLOYMENT_TARGET = 11.0;
				LD_RUNPATH_SEARCH_PATHS = (
					/usr/lib/swift,
					"$(inherited)",
				);
				LIBRARY_SEARCH_PATHS = (
					"\"$(SDKROOT)/usr/lib/swift\"",
					"\"$(TOOLCHAIN_DIR)/usr/lib/swift/$(PLATFORM_NAME)\"",
					"\"$(inherited)\"",
				);
				MTL_ENABLE_DEBUG_INFO = YES;
				ONLY_ACTIVE_ARCH = YES;
				SDKROOT = iphoneos;
			};
			name = Debug;
		};
		83CBBA211A601CBA00E9B192 /* Release */ = {
			isa = XCBuildConfiguration;
			buildSettings = {
				ALWAYS_SEARCH_USER_PATHS = NO;
				CLANG_ANALYZER_LOCALIZABILITY_NONLOCALIZED = YES;
				CLANG_CXX_LANGUAGE_STANDARD = "gnu++0x";
				CLANG_CXX_LIBRARY = "libc++";
				CLANG_ENABLE_MODULES = YES;
				CLANG_ENABLE_OBJC_ARC = YES;
				CLANG_WARN_BLOCK_CAPTURE_AUTORELEASING = YES;
				CLANG_WARN_BOOL_CONVERSION = YES;
				CLANG_WARN_COMMA = YES;
				CLANG_WARN_CONSTANT_CONVERSION = YES;
				CLANG_WARN_DEPRECATED_OBJC_IMPLEMENTATIONS = YES;
				CLANG_WARN_DIRECT_OBJC_ISA_USAGE = YES_ERROR;
				CLANG_WARN_EMPTY_BODY = YES;
				CLANG_WARN_ENUM_CONVERSION = YES;
				CLANG_WARN_INFINITE_RECURSION = YES;
				CLANG_WARN_INT_CONVERSION = YES;
				CLANG_WARN_NON_LITERAL_NULL_CONVERSION = YES;
				CLANG_WARN_OBJC_IMPLICIT_RETAIN_SELF = YES;
				CLANG_WARN_OBJC_LITERAL_CONVERSION = YES;
				CLANG_WARN_OBJC_ROOT_CLASS = YES_ERROR;
				CLANG_WARN_QUOTED_INCLUDE_IN_FRAMEWORK_HEADER = YES;
				CLANG_WARN_RANGE_LOOP_ANALYSIS = YES;
				CLANG_WARN_STRICT_PROTOTYPES = YES;
				CLANG_WARN_SUSPICIOUS_MOVE = YES;
				CLANG_WARN_UNREACHABLE_CODE = YES;
				CLANG_WARN__DUPLICATE_METHOD_MATCH = YES;
				"CODE_SIGN_IDENTITY[sdk=iphoneos*]" = "iPhone Developer";
				COPY_PHASE_STRIP = YES;
				ENABLE_NS_ASSERTIONS = NO;
				ENABLE_STRICT_OBJC_MSGSEND = YES;
				"EXCLUDED_ARCHS[sdk=iphonesimulator*]" = "";
				GCC_C_LANGUAGE_STANDARD = gnu99;
				GCC_NO_COMMON_BLOCKS = YES;
				GCC_WARN_64_TO_32_BIT_CONVERSION = YES;
				GCC_WARN_ABOUT_RETURN_TYPE = YES_ERROR;
				GCC_WARN_UNDECLARED_SELECTOR = YES;
				GCC_WARN_UNINITIALIZED_AUTOS = YES_AGGRESSIVE;
				GCC_WARN_UNUSED_FUNCTION = YES;
				GCC_WARN_UNUSED_VARIABLE = YES;
				IPHONEOS_DEPLOYMENT_TARGET = 11.0;
				LD_RUNPATH_SEARCH_PATHS = (
					/usr/lib/swift,
					"$(inherited)",
				);
				LIBRARY_SEARCH_PATHS = (
					"\"$(SDKROOT)/usr/lib/swift\"",
					"\"$(TOOLCHAIN_DIR)/usr/lib/swift/$(PLATFORM_NAME)\"",
					"\"$(inherited)\"",
				);
				MTL_ENABLE_DEBUG_INFO = NO;
				SDKROOT = iphoneos;
				VALIDATE_PRODUCT = YES;
			};
			name = Release;
		};
/* End XCBuildConfiguration section */

/* Begin XCConfigurationList section */
		00E357021AD99517003FC87E /* Build configuration list for PBXNativeTarget "FoodHubTests" */ = {
			isa = XCConfigurationList;
			buildConfigurations = (
				00E356F61AD99517003FC87E /* Debug */,
				00E356F71AD99517003FC87E /* Release */,
			);
			defaultConfigurationIsVisible = 0;
			defaultConfigurationName = Release;
		};
		13B07F931A680F5B00A75B9A /* Build configuration list for PBXNativeTarget "FoodHub" */ = {
			isa = XCConfigurationList;
			buildConfigurations = (
				13B07F941A680F5B00A75B9A /* Debug */,
				13B07F951A680F5B00A75B9A /* Release */,
			);
			defaultConfigurationIsVisible = 0;
			defaultConfigurationName = Release;
		};
		83CBB9FA1A601CBA00E9B192 /* Build configuration list for PBXProject "FoodHub" */ = {
			isa = XCConfigurationList;
			buildConfigurations = (
				83CBBA201A601CBA00E9B192 /* Debug */,
				83CBBA211A601CBA00E9B192 /* Release */,
			);
			defaultConfigurationIsVisible = 0;
			defaultConfigurationName = Release;
		};
/* End XCConfigurationList section */
	};
	rootObject = 83CBB9F71A601CBA00E9B192 /* Project object */;
}
